
Microsoft Visual Studio Solution File, Format Version 12.00
# Visual Studio Version 16
VisualStudioVersion = 16.0.31613.86
MinimumVisualStudioVersion = 10.0.40219.1
Project("{FAE04EC0-301F-11D3-BF4B-00C04F79EFBC}") = "VideoRentalStore", "VideoRentalStore\VideoRentalStore.csproj", "{83A1CB3A-4321-41D9-BD26-F1259E6D28CD}"
EndProject
Global
	GlobalSection(SolutionConfigurationPlatforms) = preSolution
		Debug|Any CPU = Debug|Any CPU
		Release|Any CPU = Release|Any CPU
	EndGlobalSection
	GlobalSection(ProjectConfigurationPlatforms) = postSolution
		{83A1CB3A-4321-41D9-BD26-F1259E6D28CD}.Debug|Any CPU.ActiveCfg = Debug|Any CPU
		{83A1CB3A-4321-41D9-BD26-F1259E6D28CD}.Debug|Any CPU.Build.0 = Debug|Any CPU
		{83A1CB3A-4321-41D9-BD26-F1259E6D28CD}.Release|Any CPU.ActiveCfg = Release|Any CPU
		{83A1CB3A-4321-41D9-BD26-F1259E6D28CD}.Release|Any CPU.Build.0 = Release|Any CPU
	EndGlobalSection
	GlobalSection(SolutionProperties) = preSolution
		HideSolutionNode = FALSE
	EndGlobalSection
	GlobalSection(ExtensibilityGlobals) = postSolution
		SolutionGuid = {3C06B9B0-571D-4715-87B9-45CCD35CE9BA}
	EndGlobalSection
EndGlobal
